Microsoft Visual Studio Solution File, Format Version 12.00
# Visual Studio 2012
Project("{FAE04EC0-301F-11D3-BF4B-00C04F79EFBC}") = "Flappy Bird", "Flappy Bird.csproj", "{2FCDFE56-A583-4340-B752-B66C6CA8FA63}"
EndProject
Global
	GlobalSection(SolutionConfigurationPlatforms) = preSolution
	Debug|Any CPU = Debug|Any CPU
	ExportDebug|Any CPU = ExportDebug|Any CPU
	ExportRelease|Any CPU = ExportRelease|Any CPU
	EndGlobalSection
	GlobalSection(ProjectConfigurationPlatforms) = postSolution
		{2FCDFE56-A583-4340-B752-B66C6CA8FA63}.Debug|Any CPU.ActiveCfg = Debug|Any CPU
		{2FCDFE56-A583-4340-B752-B66C6CA8FA63}.Debug|Any CPU.Build.0 = Debug|Any CPU
		{2FCDFE56-A583-4340-B752-B66C6CA8FA63}.ExportDebug|Any CPU.ActiveCfg = ExportDebug|Any CPU
		{2FCDFE56-A583-4340-B752-B66C6CA8FA63}.ExportDebug|Any CPU.Build.0 = ExportDebug|Any CPU
		{2FCDFE56-A583-4340-B752-B66C6CA8FA63}.ExportRelease|Any CPU.ActiveCfg = ExportRelease|Any CPU
		{2FCDFE56-A583-4340-B752-B66C6CA8FA63}.ExportRelease|Any CPU.Build.0 = ExportRelease|Any CPU
	EndGlobalSection
EndGlobal
